# This file is autogenerated, do not edit; changes may be undone by the next 'dep ensure'.


[[projects]]
  branch = "master"
  digest = "1:00cefc540eef18a553774acc7ba36022c5b47a1f6f9e3a8a67e2200f4119ac24"
  name = "github.com/enr/go-commons"
  packages = ["lang"]
  pruneopts = "UT"
  revision = "bcd3f40eeea857496af2cf1bea949ab00e925b12"

[[projects]]
  branch = "master"
  digest = "1:da67acd2a897a52d1c780fd884cc7e3dd0733d8029a19a4141cddb27080f49be"
  name = "github.com/enr/go-files"
  packages = ["files"]
  pruneopts = "UT"
  revision = "7336b98a33ba8c37c4dbf78705c52d70538a8db6"

[[projects]]
  branch = "master"
  digest = "1:b033685aa386fde62a540314e342c0e57cdc7f5cc0a68a03d5e904be0a2884e3"
  name = "github.com/enr/runcmd"
  packages = ["."]
  pruneopts = "UT"
  revision = "c7ba37e9c07d154414e742e1802bf09fbc1bc965"

[[projects]]
  branch = "master"
  digest = "1:7a586ce2e67bad1d5a691618cf954d4e2bb3ee6e28e3fe18e14eac9d683fd4ca"
  name = "github.com/extemporalgenome/slug"
  packages = ["."]
  pruneopts = "UT"
  revision = "0320c85e32e0015b090f08a5d1324d5ab6094f07"

[[projects]]
  digest = "1:bb0d999fbfbc40f7bf42a24eca5e6894fa24a9efdad13d6908bea34bc3309722"
  name = "github.com/subosito/gotenv"
  packages = ["."]
  pruneopts = "UT"
  revision = "69b5b6104433beb2cb9c3ce00bdadf3c7c2d3f34"
  version = "v1.1.1"

[[projects]]
  digest = "1:8029e9743749d4be5bc9f7d42ea1659471767860f0cdc34d37c3111bd308a295"
  name = "golang.org/x/text"
  packages = [
    "internal/gen",
    "internal/triegen",
    "internal/ucd",
    "transform",
    "unicode/cldr",
    "unicode/norm",
  ]
  pruneopts = "UT"
  revision = "f21a4dfb5e38f5895301dc265a8def02365cc3d0"
  version = "v0.3.0"

[solve-meta]
  analyzer-name = "dep"
  analyzer-version = 1
  input-imports = [
    "github.com/enr/go-commons/lang",
    "github.com/enr/go-files/files",
    "github.com/enr/runcmd",
  ]
  solver-name = "gps-cdcl"
  solver-version = 1
